// !$*UTF8*$!
{
	archiveVersion = 1;
	classes = {
	};
	objectVersion = 56;
	objects = {

/* Begin PBXBuildFile section */
		4619EA922A341FF80009B94D /* CHBook2+CoreDataExtensions.swift in Sources */ = {isa = PBXBuildFile; fileRef = 4619EA912A341FF80009B94D /* CHBook2+CoreDataExtensions.swift */; };
		4619EA972A34202E0009B94D /* CHReview+CoreDataClass.swift in Sources */ = {isa = PBXBuildFile; fileRef = 4619EA932A34202E0009B94D /* CHReview+CoreDataClass.swift */; };
		4619EA982A34202E0009B94D /* CHReview+CoreDataProperties.swift in Sources */ = {isa = PBXBuildFile; fileRef = 4619EA942A34202E0009B94D /* CHReview+CoreDataProperties.swift */; };
		4619EA992A34202E0009B94D /* CHBook2+CoreDataClass.swift in Sources */ = {isa = PBXBuildFile; fileRef = 4619EA952A34202E0009B94D /* CHBook2+CoreDataClass.swift */; };
		4619EA9A2A34202E0009B94D /* CHBook2+CoreDataProperties.swift in Sources */ = {isa = PBXBuildFile; fileRef = 4619EA962A34202E0009B94D /* CHBook2+CoreDataProperties.swift */; };
		462A3AE22A2B072A00817552 /* ChoiceHoldDM.xcdatamodeld in Sources */ = {isa = PBXBuildFile; fileRef = 462A3AE02A2B072A00817552 /* ChoiceHoldDM.xcdatamodeld */; };
		464BBC202A2AAD50007C5DAA /* AddBookView.swift in Sources */ = {isa = PBXBuildFile; fileRef = 464BBC1F2A2AAD50007C5DAA /* AddBookView.swift */; };
		465FBFC22A2AA9EE007BE558 /* ChoiceHoldApp.swift in Sources */ = {isa = PBXBuildFile; fileRef = 465FBFC12A2AA9EE007BE558 /* ChoiceHoldApp.swift */; };
		465FBFC42A2AA9EE007BE558 /* ContentView.swift in Sources */ = {isa = PBXBuildFile; fileRef = 465FBFC32A2AA9EE007BE558 /* ContentView.swift */; };
		465FBFC62A2AA9EF007BE558 /* Assets.xcassets in Resources */ = {isa = PBXBuildFile; fileRef = 465FBFC52A2AA9EF007BE558 /* Assets.xcassets */; };
		465FBFCA2A2AA9EF007BE558 /* Preview Assets.xcassets in Resources */ = {isa = PBXBuildFile; fileRef = 465FBFC92A2AA9EF007BE558 /* Preview Assets.xcassets */; };
		46D4ECC82A2C3DBC00A6244C /* SettingsView.swift in Sources */ = {isa = PBXBuildFile; fileRef = 46D4ECC72A2C3DBC00A6244C /* SettingsView.swift */; };
		46D4ECEA2A2CDC4600A6244C /* OpenLibraryBookSearchViewModel.swift in Sources */ = {isa = PBXBuildFile; fileRef = 46D4ECE92A2CDC4600A6244C /* OpenLibraryBookSearchViewModel.swift */; };
		46D4ECEC2A2CDC8E00A6244C /* OpenLibraryBookSearchView.swift in Sources */ = {isa = PBXBuildFile; fileRef = 46D4ECEB2A2CDC8E00A6244C /* OpenLibraryBookSearchView.swift */; };
		46D8E4102A2F13EA00284D10 /* OpenLibrarySwiftSearchClient in Frameworks */ = {isa = PBXBuildFile; productRef = 46D8E40F2A2F13EA00284D10 /* OpenLibrarySwiftSearchClient */; };
		46F967332A2C1FF300461784 /* BookDetailView.swift in Sources */ = {isa = PBXBuildFile; fileRef = 46F967322A2C1FF300461784 /* BookDetailView.swift */; };
		46F967352A2C20D500461784 /* ReviewView.swift in Sources */ = {isa = PBXBuildFile; fileRef = 46F967342A2C20D500461784 /* ReviewView.swift */; };
/* End PBXBuildFile section */

/* Begin PBXFileReference section */
		4619EA8F2A3383C60009B94D /* ChoiceHoldDM2.xcdatamodel */ = {isa = PBXFileReference; lastKnownFileType = wrapper.xcdatamodel; path = ChoiceHoldDM2.xcdatamodel; sourceTree = "<group>"; };
		4619EA902A341F0C0009B94D /* ChoiceHoldDM3.xcdatamodel */ = {isa = PBXFileReference; lastKnownFileType = wrapper.xcdatamodel; path = ChoiceHoldDM3.xcdatamodel; sourceTree = "<group>"; };
		4619EA912A341FF80009B94D /* CHBook2+CoreDataExtensions.swift */ = {isa = PBXFileReference; lastKnownFileType = sourcecode.swift; path = "CHBook2+CoreDataExtensions.swift"; sourceTree = "<group>"; };
		4619EA932A34202E0009B94D /* CHReview+CoreDataClass.swift */ = {isa = PBXFileReference; lastKnownFileType = sourcecode.swift; path = "CHReview+CoreDataClass.swift"; sourceTree = "<group>"; };
		4619EA942A34202E0009B94D /* CHReview+CoreDataProperties.swift */ = {isa = PBXFileReference; lastKnownFileType = sourcecode.swift; path = "CHReview+CoreDataProperties.swift"; sourceTree = "<group>"; };
		4619EA952A34202E0009B94D /* CHBook2+CoreDataClass.swift */ = {isa = PBXFileReference; lastKnownFileType = sourcecode.swift; path = "CHBook2+CoreDataClass.swift"; sourceTree = "<group>"; };
		4619EA962A34202E0009B94D /* CHBook2+CoreDataProperties.swift */ = {isa = PBXFileReference; lastKnownFileType = sourcecode.swift; path = "CHBook2+CoreDataProperties.swift"; sourceTree = "<group>"; };
		462A3AE12A2B072A00817552 /* ChoiceHoldDM.xcdatamodel */ = {isa = PBXFileReference; lastKnownFileType = wrapper.xcdatamodel; path = ChoiceHoldDM.xcdatamodel; sourceTree = "<group>"; };
		464BBC1F2A2AAD50007C5DAA /* AddBookView.swift */ = {isa = PBXFileReference; lastKnownFileType = sourcecode.swift; path = AddBookView.swift; sourceTree = "<group>"; };
		465FBFBE2A2AA9EE007BE558 /* ChoiceHold.app */ = {isa = PBXFileReference; explicitFileType = wrapper.application; includeInIndex = 0; path = ChoiceHold.app; sourceTree = BUILT_PRODUCTS_DIR; };
		465FBFC12A2AA9EE007BE558 /* ChoiceHoldApp.swift */ = {isa = PBXFileReference; lastKnownFileType = sourcecode.swift; path = ChoiceHoldApp.swift; sourceTree = "<group>"; };
		465FBFC32A2AA9EE007BE558 /* ContentView.swift */ = {isa = PBXFileReference; lastKnownFileType = sourcecode.swift; path = ContentView.swift; sourceTree = "<group>"; };
		465FBFC52A2AA9EF007BE558 /* Assets.xcassets */ = {isa = PBXFileReference; lastKnownFileType = folder.assetcatalog; path = Assets.xcassets; sourceTree = "<group>"; };
		465FBFC72A2AA9EF007BE558 /* ChoiceHold.entitlements */ = {isa = PBXFileReference; lastKnownFileType = text.plist.entitlements; path = ChoiceHold.entitlements; sourceTree = "<group>"; };
		465FBFC92A2AA9EF007BE558 /* Preview Assets.xcassets */ = {isa = PBXFileReference; lastKnownFileType = folder.assetcatalog; path = "Preview Assets.xcassets"; sourceTree = "<group>"; };
		46A0D3D02A2F108A00A86B6D /* OpenLibrarySwiftSearchClient */ = {isa = PBXFileReference; lastKnownFileType = wrapper; name = OpenLibrarySwiftSearchClient; path = ../OpenLibrarySwiftSearchClient; sourceTree = "<group>"; };
		46D4ECC72A2C3DBC00A6244C /* SettingsView.swift */ = {isa = PBXFileReference; lastKnownFileType = sourcecode.swift; path = SettingsView.swift; sourceTree = "<group>"; };
		46D4ECE92A2CDC4600A6244C /* OpenLibraryBookSearchViewModel.swift */ = {isa = PBXFileReference; lastKnownFileType = sourcecode.swift; path = OpenLibraryBookSearchViewModel.swift; sourceTree = "<group>"; };
		46D4ECEB2A2CDC8E00A6244C /* OpenLibraryBookSearchView.swift */ = {isa = PBXFileReference; lastKnownFileType = sourcecode.swift; path = OpenLibraryBookSearchView.swift; sourceTree = "<group>"; };
		46F967322A2C1FF300461784 /* BookDetailView.swift */ = {isa = PBXFileReference; lastKnownFileType = sourcecode.swift; path = BookDetailView.swift; sourceTree = "<group>"; };
		46F967342A2C20D500461784 /* ReviewView.swift */ = {isa = PBXFileReference; lastKnownFileType = sourcecode.swift; path = ReviewView.swift; sourceTree = "<group>"; };
/* End PBXFileReference section */

/* Begin PBXFrameworksBuildPhase section */
		465FBFBB2A2AA9EE007BE558 /* Frameworks */ = {
			isa = PBXFrameworksBuildPhase;
			buildActionMask = 2147483647;
			files = (
				46D8E4102A2F13EA00284D10 /* OpenLibrarySwiftSearchClient in Frameworks */,
			);
			runOnlyForDeploymentPostprocessing = 0;
		};
/* End PBXFrameworksBuildPhase section */

/* Begin PBXGroup section */
		465FBFB52A2AA9EE007BE558 = {
			isa = PBXGroup;
			children = (
				46A0D3CF2A2F108A00A86B6D /* Packages */,
				465FBFC02A2AA9EE007BE558 /* ChoiceHold */,
				465FBFBF2A2AA9EE007BE558 /* Products */,
				46D8E40E2A2F13EA00284D10 /* Frameworks */,
			);
			sourceTree = "<group>";
		};
		465FBFBF2A2AA9EE007BE558 /* Products */ = {
			isa = PBXGroup;
			children = (
				465FBFBE2A2AA9EE007BE558 /* ChoiceHold.app */,
			);
			name = Products;
			sourceTree = "<group>";
		};
		465FBFC02A2AA9EE007BE558 /* ChoiceHold */ = {
			isa = PBXGroup;
			children = (
				462A3AE02A2B072A00817552 /* ChoiceHoldDM.xcdatamodeld */,
				465FBFC12A2AA9EE007BE558 /* ChoiceHoldApp.swift */,
				465FBFC32A2AA9EE007BE558 /* ContentView.swift */,
				46D4ECE92A2CDC4600A6244C /* OpenLibraryBookSearchViewModel.swift */,
				46D4ECEB2A2CDC8E00A6244C /* OpenLibraryBookSearchView.swift */,
				46D4ECC72A2C3DBC00A6244C /* SettingsView.swift */,
				46F967342A2C20D500461784 /* ReviewView.swift */,
				46F967322A2C1FF300461784 /* BookDetailView.swift */,
				464BBC1F2A2AAD50007C5DAA /* AddBookView.swift */,
				46D4ECE62A2C467F00A6244C /* Models */,
				465FBFC52A2AA9EF007BE558 /* Assets.xcassets */,
				465FBFC72A2AA9EF007BE558 /* ChoiceHold.entitlements */,
				465FBFC82A2AA9EF007BE558 /* Preview Content */,
			);
			path = ChoiceHold;
			sourceTree = "<group>";
		};
		465FBFC82A2AA9EF007BE558 /* Preview Content */ = {
			isa = PBXGroup;
			children = (
				465FBFC92A2AA9EF007BE558 /* Preview Assets.xcassets */,
			);
			path = "Preview Content";
			sourceTree = "<group>";
		};
		46A0D3CF2A2F108A00A86B6D /* Packages */ = {
			isa = PBXGroup;
			children = (
				46A0D3D02A2F108A00A86B6D /* OpenLibrarySwiftSearchClient */,
			);
			name = Packages;
			sourceTree = "<group>";
		};
		46D4ECE62A2C467F00A6244C /* Models */ = {
			isa = PBXGroup;
			children = (
				4619EA932A34202E0009B94D /* CHReview+CoreDataClass.swift */,
				4619EA942A34202E0009B94D /* CHReview+CoreDataProperties.swift */,
				4619EA952A34202E0009B94D /* CHBook2+CoreDataClass.swift */,
				4619EA962A34202E0009B94D /* CHBook2+CoreDataProperties.swift */,
				4619EA912A341FF80009B94D /* CHBook2+CoreDataExtensions.swift */,
			);
			path = Models;
			sourceTree = "<group>";
		};
		46D8E40E2A2F13EA00284D10 /* Frameworks */ = {
			isa = PBXGroup;
			children = (
			);
			name = Frameworks;
			sourceTree = "<group>";
		};
/* End PBXGroup section */

/* Begin PBXNativeTarget section */
		465FBFBD2A2AA9EE007BE558 /* ChoiceHold */ = {
			isa = PBXNativeTarget;
			buildConfigurationList = 465FBFCD2A2AA9EF007BE558 /* Build configuration list for PBXNativeTarget "ChoiceHold" */;
			buildPhases = (
				465FBFBA2A2AA9EE007BE558 /* Sources */,
				465FBFBB2A2AA9EE007BE558 /* Frameworks */,
				465FBFBC2A2AA9EE007BE558 /* Resources */,
			);
			buildRules = (
			);
			dependencies = (
			);
			name = ChoiceHold;
			packageProductDependencies = (
				46D8E40F2A2F13EA00284D10 /* OpenLibrarySwiftSearchClient */,
			);
			productName = ChoiceHold;
			productReference = 465FBFBE2A2AA9EE007BE558 /* ChoiceHold.app */;
			productType = "com.apple.product-type.application";
		};
/* End PBXNativeTarget section */

/* Begin PBXProject section */
		465FBFB62A2AA9EE007BE558 /* Project object */ = {
			isa = PBXProject;
			attributes = {
				BuildIndependentTargetsInParallel = 1;
				LastSwiftUpdateCheck = 1430;
				LastUpgradeCheck = 1430;
				TargetAttributes = {
					465FBFBD2A2AA9EE007BE558 = {
						CreatedOnToolsVersion = 14.3.1;
					};
				};
			};
			buildConfigurationList = 465FBFB92A2AA9EE007BE558 /* Build configuration list for PBXProject "ChoiceHold" */;
			compatibilityVersion = "Xcode 14.0";
			developmentRegion = en;
			hasScannedForEncodings = 0;
			knownRegions = (
				en,
				Base,
			);
			mainGroup = 465FBFB52A2AA9EE007BE558;
			productRefGroup = 465FBFBF2A2AA9EE007BE558 /* Products */;
			projectDirPath = "";
			projectRoot = "";
			targets = (
				465FBFBD2A2AA9EE007BE558 /* ChoiceHold */,
			);
		};
/* End PBXProject section */

/* Begin PBXResourcesBuildPhase section */
		465FBFBC2A2AA9EE007BE558 /* Resources */ = {
			isa = PBXResourcesBuildPhase;
			buildActionMask = 2147483647;
			files = (
				465FBFCA2A2AA9EF007BE558 /* Preview Assets.xcassets in Resources */,
				465FBFC62A2AA9EF007BE558 /* Assets.xcassets in Resources */,
			);
			runOnlyForDeploymentPostprocessing = 0;
		};
/* End PBXResourcesBuildPhase section */

/* Begin PBXSourcesBuildPhase section */
		465FBFBA2A2AA9EE007BE558 /* Sources */ = {
			isa = PBXSourcesBuildPhase;
			buildActionMask = 2147483647;
			files = (
				46D4ECC82A2C3DBC00A6244C /* SettingsView.swift in Sources */,
				465FBFC42A2AA9EE007BE558 /* ContentView.swift in Sources */,
				4619EA972A34202E0009B94D /* CHReview+CoreDataClass.swift in Sources */,
				4619EA922A341FF80009B94D /* CHBook2+CoreDataExtensions.swift in Sources */,
				4619EA982A34202E0009B94D /* CHReview+CoreDataProperties.swift in Sources */,
				4619EA992A34202E0009B94D /* CHBook2+CoreDataClass.swift in Sources */,
				462A3AE22A2B072A00817552 /* ChoiceHoldDM.xcdatamodeld in Sources */,
				46F967332A2C1FF300461784 /* BookDetailView.swift in Sources */,
				465FBFC22A2AA9EE007BE558 /* ChoiceHoldApp.swift in Sources */,
				46F967352A2C20D500461784 /* ReviewView.swift in Sources */,
				4619EA9A2A34202E0009B94D /* CHBook2+CoreDataProperties.swift in Sources */,
				46D4ECEA2A2CDC4600A6244C /* OpenLibraryBookSearchViewModel.swift in Sources */,
				464BBC202A2AAD50007C5DAA /* AddBookView.swift in Sources */,
				46D4ECEC2A2CDC8E00A6244C /* OpenLibraryBookSearchView.swift in Sources */,
			);
			runOnlyForDeploymentPostprocessing = 0;
		};
/* End PBXSourcesBuildPhase section */

/* Begin XCBuildConfiguration section */
		465FBFCB2A2AA9EF007BE558 /* Debug */ = {
			isa = XCBuildConfiguration;
			buildSettings = {
				ALWAYS_SEARCH_USER_PATHS = NO;
				CLANG_ANALYZER_NONNULL = YES;
				CLANG_ANALYZER_NUMBER_OBJECT_CONVERSION = YES_AGGRESSIVE;
				CLANG_CXX_LANGUAGE_STANDARD = "gnu++20";
				CLANG_ENABLE_MODULES = YES;
				CLANG_ENABLE_OBJC_ARC = YES;
				CLANG_ENABLE_OBJC_WEAK = YES;
				CLANG_WARN_BLOCK_CAPTURE_AUTORELEASING = YES;
				CLANG_WARN_BOOL_CONVERSION = YES;
				CLANG_WARN_COMMA = YES;
				CLANG_WARN_CONSTANT_CONVERSION = YES;
				CLANG_WARN_DEPRECATED_OBJC_IMPLEMENTATIONS = YES;
				CLANG_WARN_DIRECT_OBJC_ISA_USAGE = YES_ERROR;
				CLANG_WARN_DOCUMENTATION_COMMENTS = YES;
				CLANG_WARN_EMPTY_BODY = YES;
				CLANG_WARN_ENUM_CONVERSION = YES;
				CLANG_WARN_INFINITE_RECURSION = YES;
				CLANG_WARN_INT_CONVERSION = YES;
				CLANG_WARN_NON_LITERAL_NULL_CONVERSION = YES;
				CLANG_WARN_OBJC_IMPLICIT_RETAIN_SELF = YES;
				CLANG_WARN_OBJC_LITERAL_CONVERSION = YES;
				CLANG_WARN_OBJC_ROOT_CLASS = YES_ERROR;
				CLANG_WARN_QUOTED_INCLUDE_IN_FRAMEWORK_HEADER = YES;
				CLANG_WARN_RANGE_LOOP_ANALYSIS = YES;
				CLANG_WARN_STRICT_PROTOTYPES = YES;
				CLANG_WARN_SUSPICIOUS_MOVE = YES;
				CLANG_WARN_UNGUARDED_AVAILABILITY = YES_AGGRESSIVE;
				CLANG_WARN_UNREACHABLE_CODE = YES;
				CLANG_WARN__DUPLICATE_METHOD_MATCH = YES;
				COPY_PHASE_STRIP = NO;
				DEBUG_INFORMATION_FORMAT = dwarf;
				ENABLE_STRICT_OBJC_MSGSEND = YES;
				ENABLE_TESTABILITY = YES;
				GCC_C_LANGUAGE_STANDARD = gnu11;
				GCC_DYNAMIC_NO_PIC = NO;
				GCC_NO_COMMON_BLOCKS = YES;
				GCC_OPTIMIZATION_LEVEL = 0;
				GCC_PREPROCESSOR_DEFINITIONS = (
					"DEBUG=1",
					"$(inherited)",
				);
				GCC_WARN_64_TO_32_BIT_CONVERSION = YES;
				GCC_WARN_ABOUT_RETURN_TYPE = YES_ERROR;
				GCC_WARN_UNDECLARED_SELECTOR = YES;
				GCC_WARN_UNINITIALIZED_AUTOS = YES_AGGRESSIVE;
				GCC_WARN_UNUSED_FUNCTION = YES;
				GCC_WARN_UNUSED_VARIABLE = YES;
				MTL_ENABLE_DEBUG_INFO = INCLUDE_SOURCE;
				MTL_FAST_MATH = YES;
				ONLY_ACTIVE_ARCH = YES;
				SWIFT_ACTIVE_COMPILATION_CONDITIONS = DEBUG;
				SWIFT_OPTIMIZATION_LEVEL = "-Onone";
			};
			name = Debug;
		};
		465FBFCC2A2AA9EF007BE558 /* Release */ = {
			isa = XCBuildConfiguration;
			buildSettings = {
				ALWAYS_SEARCH_USER_PATHS = NO;
				CLANG_ANALYZER_NONNULL = YES;
				CLANG_ANALYZER_NUMBER_OBJECT_CONVERSION = YES_AGGRESSIVE;
				CLANG_CXX_LANGUAGE_STANDARD = "gnu++20";
				CLANG_ENABLE_MODULES = YES;
				CLANG_ENABLE_OBJC_ARC = YES;
				CLANG_ENABLE_OBJC_WEAK = YES;
				CLANG_WARN_BLOCK_CAPTURE_AUTORELEASING = YES;
				CLANG_WARN_BOOL_CONVERSION = YES;
				CLANG_WARN_COMMA = YES;
				CLANG_WARN_CONSTANT_CONVERSION = YES;
				CLANG_WARN_DEPRECATED_OBJC_IMPLEMENTATIONS = YES;
				CLANG_WARN_DIRECT_OBJC_ISA_USAGE = YES_ERROR;
				CLANG_WARN_DOCUMENTATION_COMMENTS = YES;
				CLANG_WARN_EMPTY_BODY = YES;
				CLANG_WARN_ENUM_CONVERSION = YES;
				CLANG_WARN_INFINITE_RECURSION = YES;
				CLANG_WARN_INT_CONVERSION = YES;
				CLANG_WARN_NON_LITERAL_NULL_CONVERSION = YES;
				CLANG_WARN_OBJC_IMPLICIT_RETAIN_SELF = YES;
				CLANG_WARN_OBJC_LITERAL_CONVERSION = YES;
				CLANG_WARN_OBJC_ROOT_CLASS = YES_ERROR;
				CLANG_WARN_QUOTED_INCLUDE_IN_FRAMEWORK_HEADER = YES;
				CLANG_WARN_RANGE_LOOP_ANALYSIS = YES;
				CLANG_WARN_STRICT_PROTOTYPES = YES;
				CLANG_WARN_SUSPICIOUS_MOVE = YES;
				CLANG_WARN_UNGUARDED_AVAILABILITY = YES_AGGRESSIVE;
				CLANG_WARN_UNREACHABLE_CODE = YES;
				CLANG_WARN__DUPLICATE_METHOD_MATCH = YES;
				COPY_PHASE_STRIP = NO;
				DEBUG_INFORMATION_FORMAT = "dwarf-with-dsym";
				ENABLE_NS_ASSERTIONS = NO;
				ENABLE_STRICT_OBJC_MSGSEND = YES;
				GCC_C_LANGUAGE_STANDARD = gnu11;
				GCC_NO_COMMON_BLOCKS = YES;
				GCC_WARN_64_TO_32_BIT_CONVERSION = YES;
				GCC_WARN_ABOUT_RETURN_TYPE = YES_ERROR;
				GCC_WARN_UNDECLARED_SELECTOR = YES;
				GCC_WARN_UNINITIALIZED_AUTOS = YES_AGGRESSIVE;
				GCC_WARN_UNUSED_FUNCTION = YES;
				GCC_WARN_UNUSED_VARIABLE = YES;
				MTL_ENABLE_DEBUG_INFO = NO;
				MTL_FAST_MATH = YES;
				SWIFT_COMPILATION_MODE = wholemodule;
				SWIFT_OPTIMIZATION_LEVEL = "-O";
			};
			name = Release;
		};
		465FBFCE2A2AA9EF007BE558 /* Debug */ = {
			isa = XCBuildConfiguration;
			buildSettings = {
				ASSETCATALOG_COMPILER_APPICON_NAME = AppIcon;
				ASSETCATALOG_COMPILER_GLOBAL_ACCENT_COLOR_NAME = AccentColor;
				CODE_SIGN_ENTITLEMENTS = ChoiceHold/ChoiceHold.entitlements;
				CODE_SIGN_STYLE = Automatic;
				CURRENT_PROJECT_VERSION = 1;
				DEVELOPMENT_ASSET_PATHS = "\"ChoiceHold/Preview Content\"";
				DEVELOPMENT_TEAM = DLXTU4RXV6;
				ENABLE_PREVIEWS = YES;
				GENERATE_INFOPLIST_FILE = YES;
				"INFOPLIST_KEY_UIApplicationSceneManifest_Generation[sdk=iphoneos*]" = YES;
				"INFOPLIST_KEY_UIApplicationSceneManifest_Generation[sdk=iphonesimulator*]" = YES;
				"INFOPLIST_KEY_UIApplicationSupportsIndirectInputEvents[sdk=iphoneos*]" = YES;
				"INFOPLIST_KEY_UIApplicationSupportsIndirectInputEvents[sdk=iphonesimulator*]" = YES;
				"INFOPLIST_KEY_UILaunchScreen_Generation[sdk=iphoneos*]" = YES;
				"INFOPLIST_KEY_UILaunchScreen_Generation[sdk=iphonesimulator*]" = YES;
				"INFOPLIST_KEY_UIStatusBarStyle[sdk=iphoneos*]" = UIStatusBarStyleDefault;
				"INFOPLIST_KEY_UIStatusBarStyle[sdk=iphonesimulator*]" = UIStatusBarStyleDefault;
				INFOPLIST_KEY_UISupportedInterfaceOrientations_iPad = "UIInterfaceOrientationPortrait UIInterfaceOrientationPortraitUpsideDown UIInterfaceOrientationLandscapeLeft UIInterfaceOrientationLandscapeRight";
				INFOPLIST_KEY_UISupportedInterfaceOrientations_iPhone = "UIInterfaceOrientationPortrait UIInterfaceOrientationLandscapeLeft UIInterfaceOrientationLandscapeRight";
				IPHONEOS_DEPLOYMENT_TARGET = 16.4;
				LD_RUNPATH_SEARCH_PATHS = "@executable_path/Frameworks";
				"LD_RUNPATH_SEARCH_PATHS[sdk=macosx*]" = "@executable_path/../Frameworks";
				MACOSX_DEPLOYMENT_TARGET = 13.3;
				MARKETING_VERSION = 1.0;
				PRODUCT_BUNDLE_IDENTIFIER = com.ChoiceHold;
				PRODUCT_NAME = "$(TARGET_NAME)";
				SDKROOT = auto;
				SUPPORTED_PLATFORMS = "iphoneos iphonesimulator macosx";
				SWIFT_EMIT_LOC_STRINGS = YES;
				SWIFT_VERSION = 5.0;
				TARGETED_DEVICE_FAMILY = "1,2";
			};
			name = Debug;
		};
		465FBFCF2A2AA9EF007BE558 /* Release */ = {
			isa = XCBuildConfiguration;
			buildSettings = {
				ASSETCATALOG_COMPILER_APPICON_NAME = AppIcon;
				ASSETCATALOG_COMPILER_GLOBAL_ACCENT_COLOR_NAME = AccentColor;
				CODE_SIGN_ENTITLEMENTS = ChoiceHold/ChoiceHold.entitlements;
				CODE_SIGN_STYLE = Automatic;
				CURRENT_PROJECT_VERSION = 1;
				DEVELOPMENT_ASSET_PATHS = "\"ChoiceHold/Preview Content\"";
				DEVELOPMENT_TEAM = DLXTU4RXV6;
				ENABLE_PREVIEWS = YES;
				GENERATE_INFOPLIST_FILE = YES;
				"INFOPLIST_KEY_UIApplicationSceneManifest_Generation[sdk=iphoneos*]" = YES;
				"INFOPLIST_KEY_UIApplicationSceneManifest_Generation[sdk=iphonesimulator*]" = YES;
				"INFOPLIST_KEY_UIApplicationSupportsIndirectInputEvents[sdk=iphoneos*]" = YES;
				"INFOPLIST_KEY_UIApplicationSupportsIndirectInputEvents[sdk=iphonesimulator*]" = YES;
				"INFOPLIST_KEY_UILaunchScreen_Generation[sdk=iphoneos*]" = YES;
				"INFOPLIST_KEY_UILaunchScreen_Generation[sdk=iphonesimulator*]" = YES;
				"INFOPLIST_KEY_UIStatusBarStyle[sdk=iphoneos*]" = UIStatusBarStyleDefault;
				"INFOPLIST_KEY_UIStatusBarStyle[sdk=iphonesimulator*]" = UIStatusBarStyleDefault;
				INFOPLIST_KEY_UISupportedInterfaceOrientations_iPad = "UIInterfaceOrientationPortrait UIInterfaceOrientationPortraitUpsideDown UIInterfaceOrientationLandscapeLeft UIInterfaceOrientationLandscapeRight";
				INFOPLIST_KEY_UISupportedInterfaceOrientations_iPhone = "UIInterfaceOrientationPortrait UIInterfaceOrientationLandscapeLeft UIInterfaceOrientationLandscapeRight";
				IPHONEOS_DEPLOYMENT_TARGET = 16.4;
				LD_RUNPATH_SEARCH_PATHS = "@executable_path/Frameworks";
				"LD_RUNPATH_SEARCH_PATHS[sdk=macosx*]" = "@executable_path/../Frameworks";
				MACOSX_DEPLOYMENT_TARGET = 13.3;
				MARKETING_VERSION = 1.0;
				PRODUCT_BUNDLE_IDENTIFIER = com.ChoiceHold;
				PRODUCT_NAME = "$(TARGET_NAME)";
				SDKROOT = auto;
				SUPPORTED_PLATFORMS = "iphoneos iphonesimulator macosx";
				SWIFT_EMIT_LOC_STRINGS = YES;
				SWIFT_VERSION = 5.0;
				TARGETED_DEVICE_FAMILY = "1,2";
			};
			name = Release;
		};
/* End XCBuildConfiguration section */

/* Begin XCConfigurationList section */
		465FBFB92A2AA9EE007BE558 /* Build configuration list for PBXProject "ChoiceHold" */ = {
			isa = XCConfigurationList;
			buildConfigurations = (
				465FBFCB2A2AA9EF007BE558 /* Debug */,
				465FBFCC2A2AA9EF007BE558 /* Release */,
			);
			defaultConfigurationIsVisible = 0;
			defaultConfigurationName = Release;
		};
		465FBFCD2A2AA9EF007BE558 /* Build configuration list for PBXNativeTarget "ChoiceHold" */ = {
			isa = XCConfigurationList;
			buildConfigurations = (
				465FBFCE2A2AA9EF007BE558 /* Debug */,
				465FBFCF2A2AA9EF007BE558 /* Release */,
			);
			defaultConfigurationIsVisible = 0;
			defaultConfigurationName = Release;
		};
/* End XCConfigurationList section */

/* Begin XCSwiftPackageProductDependency section */
		46D8E40F2A2F13EA00284D10 /* OpenLibrarySwiftSearchClient */ = {
			isa = XCSwiftPackageProductDependency;
			productName = OpenLibrarySwiftSearchClient;
		};
/* End XCSwiftPackageProductDependency section */

/* Begin XCVersionGroup section */
		462A3AE02A2B072A00817552 /* ChoiceHoldDM.xcdatamodeld */ = {
			isa = XCVersionGroup;
			children = (
				4619EA902A341F0C0009B94D /* ChoiceHoldDM3.xcdatamodel */,
				4619EA8F2A3383C60009B94D /* ChoiceHoldDM2.xcdatamodel */,
				462A3AE12A2B072A00817552 /* ChoiceHoldDM.xcdatamodel */,
			);
			currentVersion = 4619EA902A341F0C0009B94D /* ChoiceHoldDM3.xcdatamodel */;
			path = ChoiceHoldDM.xcdatamodeld;
			sourceTree = "<group>";
			versionGroupType = wrapper.xcdatamodel;
		};
/* End XCVersionGroup section */
	};
	rootObject = 465FBFB62A2AA9EE007BE558 /* Project object */;
}
